// !$*UTF8*$!
{
	archiveVersion = 1;
	classes = {
	};
	objectVersion = 55;
	objects = {

/* Begin PBXBuildFile section */
		45063030272EFDC200C7E12E /* LogWatcherSampleApp.swift in Sources */ = {isa = PBXBuildFile; fileRef = 4506302F272EFDC200C7E12E /* LogWatcherSampleApp.swift */; };
		45063032272EFDC200C7E12E /* ContentView.swift in Sources */ = {isa = PBXBuildFile; fileRef = 45063031272EFDC200C7E12E /* ContentView.swift */; };
		45063034272EFDC400C7E12E /* Assets.xcassets in Resources */ = {isa = PBXBuildFile; fileRef = 45063033272EFDC400C7E12E /* Assets.xcassets */; };
		45063037272EFDC400C7E12E /* Preview Assets.xcassets in Resources */ = {isa = PBXBuildFile; fileRef = 45063036272EFDC400C7E12E /* Preview Assets.xcassets */; };
		4506303F272EFDF900C7E12E /* StatusBarController.swift in Sources */ = {isa = PBXBuildFile; fileRef = 4506303E272EFDF900C7E12E /* StatusBarController.swift */; };
		45063041272EFFDF00C7E12E /* AppDelegate.swift in Sources */ = {isa = PBXBuildFile; fileRef = 45063040272EFFDF00C7E12E /* AppDelegate.swift */; };
		45063057272F17DF00C7E12E /* LogWatcher in Frameworks */ = {isa = PBXBuildFile; productRef = 45063056272F17DF00C7E12E /* LogWatcher */; };
/* End PBXBuildFile section */

/* Begin PBXFileReference section */
		4506302C272EFDC200C7E12E /* LogWatcherSample.app */ = {isa = PBXFileReference; explicitFileType = wrapper.application; includeInIndex = 0; path = LogWatcherSample.app; sourceTree = BUILT_PRODUCTS_DIR; };
		4506302F272EFDC200C7E12E /* LogWatcherSampleApp.swift */ = {isa = PBXFileReference; lastKnownFileType = sourcecode.swift; path = LogWatcherSampleApp.swift; sourceTree = "<group>"; };
		45063031272EFDC200C7E12E /* ContentView.swift */ = {isa = PBXFileReference; lastKnownFileType = sourcecode.swift; path = ContentView.swift; sourceTree = "<group>"; };
		45063033272EFDC400C7E12E /* Assets.xcassets */ = {isa = PBXFileReference; lastKnownFileType = folder.assetcatalog; path = Assets.xcassets; sourceTree = "<group>"; };
		45063036272EFDC400C7E12E /* Preview Assets.xcassets */ = {isa = PBXFileReference; lastKnownFileType = folder.assetcatalog; path = "Preview Assets.xcassets"; sourceTree = "<group>"; };
		45063038272EFDC400C7E12E /* LogWatcherSample.entitlements */ = {isa = PBXFileReference; lastKnownFileType = text.plist.entitlements; path = LogWatcherSample.entitlements; sourceTree = "<group>"; };
		4506303E272EFDF900C7E12E /* StatusBarController.swift */ = {isa = PBXFileReference; lastKnownFileType = sourcecode.swift; path = StatusBarController.swift; sourceTree = "<group>"; };
		45063040272EFFDF00C7E12E /* AppDelegate.swift */ = {isa = PBXFileReference; lastKnownFileType = sourcecode.swift; path = AppDelegate.swift; sourceTree = "<group>"; };
		45063042272F054D00C7E12E /* Info.plist */ = {isa = PBXFileReference; lastKnownFileType = text.plist; path = Info.plist; sourceTree = "<group>"; };
/* End PBXFileReference section */

/* Begin PBXFrameworksBuildPhase section */
		45063029272EFDC200C7E12E /* Frameworks */ = {
			isa = PBXFrameworksBuildPhase;
			buildActionMask = 2147483647;
			files = (
				45063057272F17DF00C7E12E /* LogWatcher in Frameworks */,
			);
			runOnlyForDeploymentPostprocessing = 0;
		};
/* End PBXFrameworksBuildPhase section */

/* Begin PBXGroup section */
		45063023272EFDC200C7E12E = {
			isa = PBXGroup;
			children = (
				4506302E272EFDC200C7E12E /* LogWatcherSample */,
				4506302D272EFDC200C7E12E /* Products */,
			);
			sourceTree = "<group>";
		};
		4506302D272EFDC200C7E12E /* Products */ = {
			isa = PBXGroup;
			children = (
				4506302C272EFDC200C7E12E /* LogWatcherSample.app */,
			);
			name = Products;
			sourceTree = "<group>";
		};
		4506302E272EFDC200C7E12E /* LogWatcherSample */ = {
			isa = PBXGroup;
			children = (
				45063042272F054D00C7E12E /* Info.plist */,
				4506302F272EFDC200C7E12E /* LogWatcherSampleApp.swift */,
				45063031272EFDC200C7E12E /* ContentView.swift */,
				45063033272EFDC400C7E12E /* Assets.xcassets */,
				45063038272EFDC400C7E12E /* LogWatcherSample.entitlements */,
				45063035272EFDC400C7E12E /* Preview Content */,
				4506303E272EFDF900C7E12E /* StatusBarController.swift */,
				45063040272EFFDF00C7E12E /* AppDelegate.swift */,
			);
			path = LogWatcherSample;
			sourceTree = "<group>";
		};
		45063035272EFDC400C7E12E /* Preview Content */ = {
			isa = PBXGroup;
			children = (
				45063036272EFDC400C7E12E /* Preview Assets.xcassets */,
			);
			path = "Preview Content";
			sourceTree = "<group>";
		};
/* End PBXGroup section */

/* Begin PBXNativeTarget section */
		4506302B272EFDC200C7E12E /* LogWatcherSample */ = {
			isa = PBXNativeTarget;
			buildConfigurationList = 4506303B272EFDC400C7E12E /* Build configuration list for PBXNativeTarget "LogWatcherSample" */;
			buildPhases = (
				45063028272EFDC200C7E12E /* Sources */,
				45063029272EFDC200C7E12E /* Frameworks */,
				4506302A272EFDC200C7E12E /* Resources */,
			);
			buildRules = (
			);
			dependencies = (
			);
			name = LogWatcherSample;
			packageProductDependencies = (
				45063056272F17DF00C7E12E /* LogWatcher */,
			);
			productName = LogWatcherSample;
			productReference = 4506302C272EFDC200C7E12E /* LogWatcherSample.app */;
			productType = "com.apple.product-type.application";
		};
/* End PBXNativeTarget section */

/* Begin PBXProject section */
		45063024272EFDC200C7E12E /* Project object */ = {
			isa = PBXProject;
			attributes = {
				BuildIndependentTargetsInParallel = 1;
				LastSwiftUpdateCheck = 1300;
				LastUpgradeCheck = 1300;
				TargetAttributes = {
					4506302B272EFDC200C7E12E = {
						CreatedOnToolsVersion = 13.0;
					};
				};
			};
			buildConfigurationList = 45063027272EFDC200C7E12E /* Build configuration list for PBXProject "LogWatcherSample" */;
			compatibilityVersion = "Xcode 13.0";
			developmentRegion = en;
			hasScannedForEncodings = 0;
			knownRegions = (
				en,
				Base,
			);
			mainGroup = 45063023272EFDC200C7E12E;
			packageReferences = (
				45063055272F17DF00C7E12E /* XCRemoteSwiftPackageReference "LogWatcher" */,
			);
			productRefGroup = 4506302D272EFDC200C7E12E /* Products */;
			projectDirPath = "";
			projectRoot = "";
			targets = (
				4506302B272EFDC200C7E12E /* LogWatcherSample */,
			);
		};
/* End PBXProject section */

/* Begin PBXResourcesBuildPhase section */
		4506302A272EFDC200C7E12E /* Resources */ = {
			isa = PBXResourcesBuildPhase;
			buildActionMask = 2147483647;
			files = (
				45063037272EFDC400C7E12E /* Preview Assets.xcassets in Resources */,
				45063034272EFDC400C7E12E /* Assets.xcassets in Resources */,
			);
			runOnlyForDeploymentPostprocessing = 0;
		};
/* End PBXResourcesBuildPhase section */

/* Begin PBXSourcesBuildPhase section */
		45063028272EFDC200C7E12E /* Sources */ = {
			isa = PBXSourcesBuildPhase;
			buildActionMask = 2147483647;
			files = (
				45063041272EFFDF00C7E12E /* AppDelegate.swift in Sources */,
				45063032272EFDC200C7E12E /* ContentView.swift in Sources */,
				4506303F272EFDF900C7E12E /* StatusBarController.swift in Sources */,
				45063030272EFDC200C7E12E /* LogWatcherSampleApp.swift in Sources */,
			);
			runOnlyForDeploymentPostprocessing = 0;
		};
/* End PBXSourcesBuildPhase section */

/* Begin XCBuildConfiguration section */
		45063039272EFDC400C7E12E /* Debug */ = {
			isa = XCBuildConfiguration;
			buildSettings = {
				ALWAYS_SEARCH_USER_PATHS = NO;
				CLANG_ANALYZER_NONNULL = YES;
				CLANG_ANALYZER_NUMBER_OBJECT_CONVERSION = YES_AGGRESSIVE;
				CLANG_CXX_LANGUAGE_STANDARD = "gnu++17";
				CLANG_CXX_LIBRARY = "libc++";
				CLANG_ENABLE_MODULES = YES;
				CLANG_ENABLE_OBJC_ARC = YES;
				CLANG_ENABLE_OBJC_WEAK = YES;
				CLANG_WARN_BLOCK_CAPTURE_AUTORELEASING = YES;
				CLANG_WARN_BOOL_CONVERSION = YES;
				CLANG_WARN_COMMA = YES;
				CLANG_WARN_CONSTANT_CONVERSION = YES;
				CLANG_WARN_DEPRECATED_OBJC_IMPLEMENTATIONS = YES;
				CLANG_WARN_DIRECT_OBJC_ISA_USAGE = YES_ERROR;
				CLANG_WARN_DOCUMENTATION_COMMENTS = YES;
				CLANG_WARN_EMPTY_BODY = YES;
				CLANG_WARN_ENUM_CONVERSION = YES;
				CLANG_WARN_INFINITE_RECURSION = YES;
				CLANG_WARN_INT_CONVERSION = YES;
				CLANG_WARN_NON_LITERAL_NULL_CONVERSION = YES;
				CLANG_WARN_OBJC_IMPLICIT_RETAIN_SELF = YES;
				CLANG_WARN_OBJC_LITERAL_CONVERSION = YES;
				CLANG_WARN_OBJC_ROOT_CLASS = YES_ERROR;
				CLANG_WARN_QUOTED_INCLUDE_IN_FRAMEWORK_HEADER = YES;
				CLANG_WARN_RANGE_LOOP_ANALYSIS = YES;
				CLANG_WARN_STRICT_PROTOTYPES = YES;
				CLANG_WARN_SUSPICIOUS_MOVE = YES;
				CLANG_WARN_UNGUARDED_AVAILABILITY = YES_AGGRESSIVE;
				CLANG_WARN_UNREACHABLE_CODE = YES;
				CLANG_WARN__DUPLICATE_METHOD_MATCH = YES;
				COPY_PHASE_STRIP = NO;
				DEBUG_INFORMATION_FORMAT = dwarf;
				ENABLE_STRICT_OBJC_MSGSEND = YES;
				ENABLE_TESTABILITY = YES;
				GCC_C_LANGUAGE_STANDARD = gnu11;
				GCC_DYNAMIC_NO_PIC = NO;
				GCC_NO_COMMON_BLOCKS = YES;
				GCC_OPTIMIZATION_LEVEL = 0;
				GCC_PREPROCESSOR_DEFINITIONS = (
					"DEBUG=1",
					"$(inherited)",
				);
				GCC_WARN_64_TO_32_BIT_CONVERSION = YES;
				GCC_WARN_ABOUT_RETURN_TYPE = YES_ERROR;
				GCC_WARN_UNDECLARED_SELECTOR = YES;
				GCC_WARN_UNINITIALIZED_AUTOS = YES_AGGRESSIVE;
				GCC_WARN_UNUSED_FUNCTION = YES;
				GCC_WARN_UNUSED_VARIABLE = YES;
				MACOSX_DEPLOYMENT_TARGET = 11.3;
				MTL_ENABLE_DEBUG_INFO = INCLUDE_SOURCE;
				MTL_FAST_MATH = YES;
				ONLY_ACTIVE_ARCH = YES;
				SDKROOT = macosx;
				SWIFT_ACTIVE_COMPILATION_CONDITIONS = DEBUG;
				SWIFT_OPTIMIZATION_LEVEL = "-Onone";
			};
			name = Debug;
		};
		4506303A272EFDC400C7E12E /* Release */ = {
			isa = XCBuildConfiguration;
			buildSettings = {
				ALWAYS_SEARCH_USER_PATHS = NO;
				CLANG_ANALYZER_NONNULL = YES;
				CLANG_ANALYZER_NUMBER_OBJECT_CONVERSION = YES_AGGRESSIVE;
				CLANG_CXX_LANGUAGE_STANDARD = "gnu++17";
				CLANG_CXX_LIBRARY = "libc++";
				CLANG_ENABLE_MODULES = YES;
				CLANG_ENABLE_OBJC_ARC = YES;
				CLANG_ENABLE_OBJC_WEAK = YES;
				CLANG_WARN_BLOCK_CAPTURE_AUTORELEASING = YES;
				CLANG_WARN_BOOL_CONVERSION = YES;
				CLANG_WARN_COMMA = YES;
				CLANG_WARN_CONSTANT_CONVERSION = YES;
				CLANG_WARN_DEPRECATED_OBJC_IMPLEMENTATIONS = YES;
				CLANG_WARN_DIRECT_OBJC_ISA_USAGE = YES_ERROR;
				CLANG_WARN_DOCUMENTATION_COMMENTS = YES;
				CLANG_WARN_EMPTY_BODY = YES;
				CLANG_WARN_ENUM_CONVERSION = YES;
				CLANG_WARN_INFINITE_RECURSION = YES;
				CLANG_WARN_INT_CONVERSION = YES;
				CLANG_WARN_NON_LITERAL_NULL_CONVERSION = YES;
				CLANG_WARN_OBJC_IMPLICIT_RETAIN_SELF = YES;
				CLANG_WARN_OBJC_LITERAL_CONVERSION = YES;
				CLANG_WARN_OBJC_ROOT_CLASS = YES_ERROR;
				CLANG_WARN_QUOTED_INCLUDE_IN_FRAMEWORK_HEADER = YES;
				CLANG_WARN_RANGE_LOOP_ANALYSIS = YES;
				CLANG_WARN_STRICT_PROTOTYPES = YES;
				CLANG_WARN_SUSPICIOUS_MOVE = YES;
				CLANG_WARN_UNGUARDED_AVAILABILITY = YES_AGGRESSIVE;
				CLANG_WARN_UNREACHABLE_CODE = YES;
				CLANG_WARN__DUPLICATE_METHOD_MATCH = YES;
				COPY_PHASE_STRIP = NO;
				DEBUG_INFORMATION_FORMAT = "dwarf-with-dsym";
				ENABLE_NS_ASSERTIONS = NO;
				ENABLE_STRICT_OBJC_MSGSEND = YES;
				GCC_C_LANGUAGE_STANDARD = gnu11;
				GCC_NO_COMMON_BLOCKS = YES;
				GCC_WARN_64_TO_32_BIT_CONVERSION = YES;
				GCC_WARN_ABOUT_RETURN_TYPE = YES_ERROR;
				GCC_WARN_UNDECLARED_SELECTOR = YES;
				GCC_WARN_UNINITIALIZED_AUTOS = YES_AGGRESSIVE;
				GCC_WARN_UNUSED_FUNCTION = YES;
				GCC_WARN_UNUSED_VARIABLE = YES;
				MACOSX_DEPLOYMENT_TARGET = 11.3;
				MTL_ENABLE_DEBUG_INFO = NO;
				MTL_FAST_MATH = YES;
				SDKROOT = macosx;
				SWIFT_COMPILATION_MODE = wholemodule;
				SWIFT_OPTIMIZATION_LEVEL = "-O";
			};
			name = Release;
		};
		4506303C272EFDC400C7E12E /* Debug */ = {
			isa = XCBuildConfiguration;
			buildSettings = {
				ASSETCATALOG_COMPILER_APPICON_NAME = AppIcon;
				ASSETCATALOG_COMPILER_GLOBAL_ACCENT_COLOR_NAME = AccentColor;
				CODE_SIGN_ENTITLEMENTS = LogWatcherSample/LogWatcherSample.entitlements;
				CODE_SIGN_STYLE = Automatic;
				COMBINE_HIDPI_IMAGES = YES;
				CURRENT_PROJECT_VERSION = 1;
				DEVELOPMENT_ASSET_PATHS = "\"LogWatcherSample/Preview Content\"";
				DEVELOPMENT_TEAM = Z757EC34Q5;
				ENABLE_HARDENED_RUNTIME = YES;
				ENABLE_PREVIEWS = YES;
				ENABLE_TESTING_SEARCH_PATHS = YES;
				GENERATE_INFOPLIST_FILE = YES;
				INFOPLIST_FILE = LogWatcherSample/Info.plist;
				INFOPLIST_KEY_NSHumanReadableCopyright = "";
				LD_RUNPATH_SEARCH_PATHS = (
					"$(inherited)",
					"@executable_path/../Frameworks",
				);
				MACOSX_DEPLOYMENT_TARGET = 11.0;
				MARKETING_VERSION = 1.0;
				PRODUCT_BUNDLE_IDENTIFIER = com.mattorb.LogWatcherSample;
				PRODUCT_NAME = "$(TARGET_NAME)";
				SWIFT_EMIT_LOC_STRINGS = YES;
				SWIFT_VERSION = 5.0;
			};
			name = Debug;
		};
		4506303D272EFDC400C7E12E /* Release */ = {
			isa = XCBuildConfiguration;
			buildSettings = {
				ASSETCATALOG_COMPILER_APPICON_NAME = AppIcon;
				ASSETCATALOG_COMPILER_GLOBAL_ACCENT_COLOR_NAME = AccentColor;
				CODE_SIGN_ENTITLEMENTS = LogWatcherSample/LogWatcherSample.entitlements;
				CODE_SIGN_STYLE = Automatic;
				COMBINE_HIDPI_IMAGES = YES;
				CURRENT_PROJECT_VERSION = 1;
				DEVELOPMENT_ASSET_PATHS = "\"LogWatcherSample/Preview Content\"";
				DEVELOPMENT_TEAM = Z757EC34Q5;
				ENABLE_HARDENED_RUNTIME = YES;
				ENABLE_PREVIEWS = YES;
				ENABLE_TESTING_SEARCH_PATHS = YES;
				GENERATE_INFOPLIST_FILE = YES;
				INFOPLIST_FILE = LogWatcherSample/Info.plist;
				INFOPLIST_KEY_NSHumanReadableCopyright = "";
				LD_RUNPATH_SEARCH_PATHS = (
					"$(inherited)",
					"@executable_path/../Frameworks",
				);
				MACOSX_DEPLOYMENT_TARGET = 11.0;
				MARKETING_VERSION = 1.0;
				PRODUCT_BUNDLE_IDENTIFIER = com.mattorb.LogWatcherSample;
				PRODUCT_NAME = "$(TARGET_NAME)";
				SWIFT_EMIT_LOC_STRINGS = YES;
				SWIFT_VERSION = 5.0;
			};
			name = Release;
		};
/* End XCBuildConfiguration section */

/* Begin XCConfigurationList section */
		45063027272EFDC200C7E12E /* Build configuration list for PBXProject "LogWatcherSample" */ = {
			isa = XCConfigurationList;
			buildConfigurations = (
				45063039272EFDC400C7E12E /* Debug */,
				4506303A272EFDC400C7E12E /* Release */,
			);
			defaultConfigurationIsVisible = 0;
			defaultConfigurationName = Release;
		};
		4506303B272EFDC400C7E12E /* Build configuration list for PBXNativeTarget "LogWatcherSample" */ = {
			isa = XCConfigurationList;
			buildConfigurations = (
				4506303C272EFDC400C7E12E /* Debug */,
				4506303D272EFDC400C7E12E /* Release */,
			);
			defaultConfigurationIsVisible = 0;
			defaultConfigurationName = Release;
		};
/* End XCConfigurationList section */

/* Begin XCRemoteSwiftPackageReference section */
		45063055272F17DF00C7E12E /* XCRemoteSwiftPackageReference "LogWatcher" */ = {
			isa = XCRemoteSwiftPackageReference;
			repositoryURL = "https://github.com/mattorb/LogWatcher";
			requirement = {
				branch = main;
				kind = branch;
			};
		};
/* End XCRemoteSwiftPackageReference section */

/* Begin XCSwiftPackageProductDependency section */
		45063056272F17DF00C7E12E /* LogWatcher */ = {
			isa = XCSwiftPackageProductDependency;
			package = 45063055272F17DF00C7E12E /* XCRemoteSwiftPackageReference "LogWatcher" */;
			productName = LogWatcher;
		};
/* End XCSwiftPackageProductDependency section */
	};
	rootObject = 45063024272EFDC200C7E12E /* Project object */;
}
